
Microsoft Visual Studio Solution File, Format Version 12.00
# Visual Studio Version 16
VisualStudioVersion = 16.0.30225.117
MinimumVisualStudioVersion = 10.0.40219.1
Project("{2150E333-8FDC-42A3-9474-1A3956D46DE8}") = "Infra", "Infra", "{016EE989-FAE4-4FD2-80CA-AD9B86E66676}"
EndProject
Project("{2150E333-8FDC-42A3-9474-1A3956D46DE8}") = "Domain", "Domain", "{9F42738F-4EF3-4371-A850-59C1AD3D28FC}"
EndProject
Project("{2150E333-8FDC-42A3-9474-1A3956D46DE8}") = "CrossCutting", "CrossCutting", "{433F75FF-4C8E-4E83-8BF9-3BE14D74F6A1}"
EndProject
Project("{2150E333-8FDC-42A3-9474-1A3956D46DE8}") = "EntryPoint", "EntryPoint", "{C802C9CB-08E4-4BD3-A083-6E214C04D0A6}"
EndProject
Project("{9A19103F-16F7-4668-BE54-9A1E7A4F7556}") = "ED.WebApi", "ED.WebApi\ED.WebApi.csproj", "{EA1E5961-2F32-4990-B967-64EEEEE6D06D}"
EndProject
Project("{9A19103F-16F7-4668-BE54-9A1E7A4F7556}") = "ED.Infra.Data", "Ed.Infra.Data\ED.Infra.Data.csproj", "{76414136-4E17-4C8E-A0A2-1BB9DCF92E92}"
EndProject
Project("{2150E333-8FDC-42A3-9474-1A3956D46DE8}") = "Application", "Application", "{E11FBA75-93F3-459B-9A3E-85CC1C7755A5}"
EndProject
Project("{9A19103F-16F7-4668-BE54-9A1E7A4F7556}") = "ED.Application", "Ed.Application\ED.Application.csproj", "{49ACEADF-1835-4489-92F0-780C01D80E0B}"
EndProject
Project("{9A19103F-16F7-4668-BE54-9A1E7A4F7556}") = "ED.Domain.Data", "ED.Domain.Data\ED.Domain.Data.csproj", "{DA9ECE30-D09C-4CB0-A400-60920EBDC49E}"
EndProject
Project("{9A19103F-16F7-4668-BE54-9A1E7A4F7556}") = "ED.Domain.Model", "ED.Domain.Model\ED.Domain.Model.csproj", "{68883113-8740-4596-AD93-FA6321E62BE5}"
EndProject
Project("{9A19103F-16F7-4668-BE54-9A1E7A4F7556}") = "ED.CrossCutting.Ioc", "ED.CrossCutting.Ioc\ED.CrossCutting.Ioc.csproj", "{A81CF54A-F2B5-4214-8E4A-8A33F70DC1C3}"
EndProject
Global
	GlobalSection(SolutionConfigurationPlatforms) = preSolution
		Debug|Any CPU = Debug|Any CPU
		Release|Any CPU = Release|Any CPU
	EndGlobalSection
	GlobalSection(ProjectConfigurationPlatforms) = postSolution
		{EA1E5961-2F32-4990-B967-64EEEEE6D06D}.Debug|Any CPU.ActiveCfg = Debug|Any CPU
		{EA1E5961-2F32-4990-B967-64EEEEE6D06D}.Debug|Any CPU.Build.0 = Debug|Any CPU
		{EA1E5961-2F32-4990-B967-64EEEEE6D06D}.Release|Any CPU.ActiveCfg = Release|Any CPU
		{EA1E5961-2F32-4990-B967-64EEEEE6D06D}.Release|Any CPU.Build.0 = Release|Any CPU
		{76414136-4E17-4C8E-A0A2-1BB9DCF92E92}.Debug|Any CPU.ActiveCfg = Debug|Any CPU
		{76414136-4E17-4C8E-A0A2-1BB9DCF92E92}.Debug|Any CPU.Build.0 = Debug|Any CPU
		{76414136-4E17-4C8E-A0A2-1BB9DCF92E92}.Release|Any CPU.ActiveCfg = Release|Any CPU
		{76414136-4E17-4C8E-A0A2-1BB9DCF92E92}.Release|Any CPU.Build.0 = Release|Any CPU
		{49ACEADF-1835-4489-92F0-780C01D80E0B}.Debug|Any CPU.ActiveCfg = Debug|Any CPU
		{49ACEADF-1835-4489-92F0-780C01D80E0B}.Debug|Any CPU.Build.0 = Debug|Any CPU
		{49ACEADF-1835-4489-92F0-780C01D80E0B}.Release|Any CPU.ActiveCfg = Release|Any CPU
		{49ACEADF-1835-4489-92F0-780C01D80E0B}.Release|Any CPU.Build.0 = Release|Any CPU
		{DA9ECE30-D09C-4CB0-A400-60920EBDC49E}.Debug|Any CPU.ActiveCfg = Debug|Any CPU
		{DA9ECE30-D09C-4CB0-A400-60920EBDC49E}.Debug|Any CPU.Build.0 = Debug|Any CPU
		{DA9ECE30-D09C-4CB0-A400-60920EBDC49E}.Release|Any CPU.ActiveCfg = Release|Any CPU
		{DA9ECE30-D09C-4CB0-A400-60920EBDC49E}.Release|Any CPU.Build.0 = Release|Any CPU
		{68883113-8740-4596-AD93-FA6321E62BE5}.Debug|Any CPU.ActiveCfg = Debug|Any CPU
		{68883113-8740-4596-AD93-FA6321E62BE5}.Debug|Any CPU.Build.0 = Debug|Any CPU
		{68883113-8740-4596-AD93-FA6321E62BE5}.Release|Any CPU.ActiveCfg = Release|Any CPU
		{68883113-8740-4596-AD93-FA6321E62BE5}.Release|Any CPU.Build.0 = Release|Any CPU
		{A81CF54A-F2B5-4214-8E4A-8A33F70DC1C3}.Debug|Any CPU.ActiveCfg = Debug|Any CPU
		{A81CF54A-F2B5-4214-8E4A-8A33F70DC1C3}.Debug|Any CPU.Build.0 = Debug|Any CPU
		{A81CF54A-F2B5-4214-8E4A-8A33F70DC1C3}.Release|Any CPU.ActiveCfg = Release|Any CPU
		{A81CF54A-F2B5-4214-8E4A-8A33F70DC1C3}.Release|Any CPU.Build.0 = Release|Any CPU
	EndGlobalSection
	GlobalSection(SolutionProperties) = preSolution
		HideSolutionNode = FALSE
	EndGlobalSection
	GlobalSection(NestedProjects) = preSolution
		{EA1E5961-2F32-4990-B967-64EEEEE6D06D} = {C802C9CB-08E4-4BD3-A083-6E214C04D0A6}
		{76414136-4E17-4C8E-A0A2-1BB9DCF92E92} = {016EE989-FAE4-4FD2-80CA-AD9B86E66676}
		{49ACEADF-1835-4489-92F0-780C01D80E0B} = {E11FBA75-93F3-459B-9A3E-85CC1C7755A5}
		{DA9ECE30-D09C-4CB0-A400-60920EBDC49E} = {9F42738F-4EF3-4371-A850-59C1AD3D28FC}
		{68883113-8740-4596-AD93-FA6321E62BE5} = {9F42738F-4EF3-4371-A850-59C1AD3D28FC}
		{A81CF54A-F2B5-4214-8E4A-8A33F70DC1C3} = {433F75FF-4C8E-4E83-8BF9-3BE14D74F6A1}
	EndGlobalSection
	GlobalSection(ExtensibilityGlobals) = postSolution
		SolutionGuid = {CDE05619-E25A-49AD-A370-5715DD01046B}
	EndGlobalSection
EndGlobal
